# This file is automatically @generated by Cargo.
# It is not intended for manual editing.
[[package]]
name = "anyhow"
version = "1.0.28"
source = "registry+https://github.com/rust-lang/crates.io-index"

[[package]]
name = "autocfg"
version = "1.0.0"
source = "registry+https://github.com/rust-lang/crates.io-index"

[[package]]
name = "byteorder"
version = "1.3.4"
source = "registry+https://github.com/rust-lang/crates.io-index"

[[package]]
name = "cfg-if"
version = "0.1.10"
source = "registry+https://github.com/rust-lang/crates.io-index"

[[package]]
name = "cranelift"
version = "0.63.0"
source = "registry+https://github.com/rust-lang/crates.io-index"
dependencies = [
 "cranelift-codegen 0.63.0 (registry+https://github.com/rust-lang/crates.io-index)",
 "cranelift-frontend 0.63.0 (registry+https://github.com/rust-lang/crates.io-index)",
]

[[package]]
name = "cranelift-bforest"
version = "0.63.0"
source = "registry+https://github.com/rust-lang/crates.io-index"
dependencies = [
 "cranelift-entity 0.63.0 (registry+https://github.com/rust-lang/crates.io-index)",
]

[[package]]
name = "cranelift-codegen"
version = "0.63.0"
source = "registry+https://github.com/rust-lang/crates.io-index"
dependencies = [
 "byteorder 1.3.4 (registry+https://github.com/rust-lang/crates.io-index)",
 "cranelift-bforest 0.63.0 (registry+https://github.com/rust-lang/crates.io-index)",
 "cranelift-codegen-meta 0.63.0 (registry+https://github.com/rust-lang/crates.io-index)",
 "cranelift-codegen-shared 0.63.0 (registry+https://github.com/rust-lang/crates.io-index)",
 "cranelift-entity 0.63.0 (registry+https://github.com/rust-lang/crates.io-index)",
 "log 0.4.8 (registry+https://github.com/rust-lang/crates.io-index)",
 "regalloc 0.0.21 (registry+https://github.com/rust-lang/crates.io-index)",
 "smallvec 1.4.0 (registry+https://github.com/rust-lang/crates.io-index)",
 "target-lexicon 0.10.0 (registry+https://github.com/rust-lang/crates.io-index)",
 "thiserror 1.0.16 (registry+https://github.com/rust-lang/crates.io-index)",
]

[[package]]
name = "cranelift-codegen-meta"
version = "0.63.0"
source = "registry+https://github.com/rust-lang/crates.io-index"
dependencies = [
 "cranelift-codegen-shared 0.63.0 (registry+https://github.com/rust-lang/crates.io-index)",
 "cranelift-entity 0.63.0 (registry+https://github.com/rust-lang/crates.io-index)",
]

[[package]]
name = "cranelift-codegen-shared"
version = "0.63.0"
source = "registry+https://github.com/rust-lang/crates.io-index"

[[package]]
name = "cranelift-entity"
version = "0.63.0"
source = "registry+https://github.com/rust-lang/crates.io-index"

[[package]]
name = "cranelift-faerie"
version = "0.63.0"
source = "registry+https://github.com/rust-lang/crates.io-index"
dependencies = [
 "anyhow 1.0.28 (registry+https://github.com/rust-lang/crates.io-index)",
 "cranelift-codegen 0.63.0 (registry+https://github.com/rust-lang/crates.io-index)",
 "cranelift-module 0.63.0 (registry+https://github.com/rust-lang/crates.io-index)",
 "faerie 0.15.0 (registry+https://github.com/rust-lang/crates.io-index)",
 "goblin 0.1.3 (registry+https://github.com/rust-lang/crates.io-index)",
 "target-lexicon 0.10.0 (registry+https://github.com/rust-lang/crates.io-index)",
]

[[package]]
name = "cranelift-frontend"
version = "0.63.0"
source = "registry+https://github.com/rust-lang/crates.io-index"
dependencies = [
 "cranelift-codegen 0.63.0 (registry+https://github.com/rust-lang/crates.io-index)",
 "log 0.4.8 (registry+https://github.com/rust-lang/crates.io-index)",
 "smallvec 1.4.0 (registry+https://github.com/rust-lang/crates.io-index)",
 "target-lexicon 0.10.0 (registry+https://github.com/rust-lang/crates.io-index)",
]

[[package]]
name = "cranelift-module"
version = "0.63.0"
source = "registry+https://github.com/rust-lang/crates.io-index"
dependencies = [
 "anyhow 1.0.28 (registry+https://github.com/rust-lang/crates.io-index)",
 "cranelift-codegen 0.63.0 (registry+https://github.com/rust-lang/crates.io-index)",
 "cranelift-entity 0.63.0 (registry+https://github.com/rust-lang/crates.io-index)",
 "log 0.4.8 (registry+https://github.com/rust-lang/crates.io-index)",
 "thiserror 1.0.16 (registry+https://github.com/rust-lang/crates.io-index)",
]

[[package]]
name = "faerie"
version = "0.15.0"
source = "registry+https://github.com/rust-lang/crates.io-index"
dependencies = [
 "goblin 0.1.3 (registry+https://github.com/rust-lang/crates.io-index)",
 "indexmap 1.3.2 (registry+https://github.com/rust-lang/crates.io-index)",
 "log 0.4.8 (registry+https://github.com/rust-lang/crates.io-index)",
 "scroll 0.10.1 (registry+https://github.com/rust-lang/crates.io-index)",
 "string-interner 0.7.1 (registry+https://github.com/rust-lang/crates.io-index)",
 "target-lexicon 0.10.0 (registry+https://github.com/rust-lang/crates.io-index)",
 "thiserror 1.0.16 (registry+https://github.com/rust-lang/crates.io-index)",
]

[[package]]
name = "goblin"
version = "0.1.3"
source = "registry+https://github.com/rust-lang/crates.io-index"
dependencies = [
 "log 0.4.8 (registry+https://github.com/rust-lang/crates.io-index)",
 "plain 0.2.3 (registry+https://github.com/rust-lang/crates.io-index)",
 "scroll 0.10.1 (registry+https://github.com/rust-lang/crates.io-index)",
]

[[package]]
name = "indexmap"
version = "1.3.2"
source = "registry+https://github.com/rust-lang/crates.io-index"
dependencies = [
 "autocfg 1.0.0 (registry+https://github.com/rust-lang/crates.io-index)",
]

[[package]]
name = "log"
version = "0.4.8"
source = "registry+https://github.com/rust-lang/crates.io-index"
dependencies = [
 "cfg-if 0.1.10 (registry+https://github.com/rust-lang/crates.io-index)",
]

[[package]]
name = "ovis"
version = "0.1.0"
dependencies = [
 "cranelift 0.63.0 (registry+https://github.com/rust-lang/crates.io-index)",
 "cranelift-faerie 0.63.0 (registry+https://github.com/rust-lang/crates.io-index)",
 "cranelift-module 0.63.0 (registry+https://github.com/rust-lang/crates.io-index)",
 "peg 0.6.2 (registry+https://github.com/rust-lang/crates.io-index)",
 "target-lexicon 0.10.0 (registry+https://github.com/rust-lang/crates.io-index)",
]

[[package]]
name = "peg"
version = "0.6.2"
source = "registry+https://github.com/rust-lang/crates.io-index"
dependencies = [
 "peg-macros 0.6.2 (registry+https://github.com/rust-lang/crates.io-index)",
 "peg-runtime 0.6.2 (registry+https://github.com/rust-lang/crates.io-index)",
]

[[package]]
name = "peg-macros"
version = "0.6.2"
source = "registry+https://github.com/rust-lang/crates.io-index"
dependencies = [
 "peg-runtime 0.6.2 (registry+https://github.com/rust-lang/crates.io-index)",
 "proc-macro2 1.0.10 (registry+https://github.com/rust-lang/crates.io-index)",
 "quote 1.0.3 (registry+https://github.com/rust-lang/crates.io-index)",
]

[[package]]
name = "peg-runtime"
version = "0.6.2"
source = "registry+https://github.com/rust-lang/crates.io-index"

[[package]]
name = "plain"
version = "0.2.3"
source = "registry+https://github.com/rust-lang/crates.io-index"

[[package]]
name = "proc-macro2"
version = "1.0.10"
source = "registry+https://github.com/rust-lang/crates.io-index"
dependencies = [
 "unicode-xid 0.2.0 (registry+https://github.com/rust-lang/crates.io-index)",
]

[[package]]
name = "quote"
version = "1.0.3"
source = "registry+https://github.com/rust-lang/crates.io-index"
dependencies = [
 "proc-macro2 1.0.10 (registry+https://github.com/rust-lang/crates.io-index)",
]

[[package]]
name = "regalloc"
version = "0.0.21"
source = "registry+https://github.com/rust-lang/crates.io-index"
dependencies = [
 "log 0.4.8 (registry+https://github.com/rust-lang/crates.io-index)",
 "rustc-hash 1.1.0 (registry+https://github.com/rust-lang/crates.io-index)",
 "smallvec 1.4.0 (registry+https://github.com/rust-lang/crates.io-index)",
]

[[package]]
name = "runtime"
version = "0.1.0"

[[package]]
name = "rustc-hash"
version = "1.1.0"
source = "registry+https://github.com/rust-lang/crates.io-index"

[[package]]
name = "scroll"
version = "0.10.1"
source = "registry+https://github.com/rust-lang/crates.io-index"
dependencies = [
 "scroll_derive 0.10.1 (registry+https://github.com/rust-lang/crates.io-index)",
]

[[package]]
name = "scroll_derive"
version = "0.10.1"
source = "registry+https://github.com/rust-lang/crates.io-index"
dependencies = [
 "proc-macro2 1.0.10 (registry+https://github.com/rust-lang/crates.io-index)",
 "quote 1.0.3 (registry+https://github.com/rust-lang/crates.io-index)",
 "syn 1.0.18 (registry+https://github.com/rust-lang/crates.io-index)",
]

[[package]]
name = "serde"
version = "1.0.106"
source = "registry+https://github.com/rust-lang/crates.io-index"

[[package]]
name = "smallvec"
version = "1.4.0"
source = "registry+https://github.com/rust-lang/crates.io-index"

[[package]]
name = "string-interner"
version = "0.7.1"
source = "registry+https://github.com/rust-lang/crates.io-index"
dependencies = [
 "serde 1.0.106 (registry+https://github.com/rust-lang/crates.io-index)",
]

[[package]]
name = "syn"
version = "1.0.18"
source = "registry+https://github.com/rust-lang/crates.io-index"
dependencies = [
 "proc-macro2 1.0.10 (registry+https://github.com/rust-lang/crates.io-index)",
 "quote 1.0.3 (registry+https://github.com/rust-lang/crates.io-index)",
 "unicode-xid 0.2.0 (registry+https://github.com/rust-lang/crates.io-index)",
]

[[package]]
name = "target-lexicon"
version = "0.10.0"
source = "registry+https://github.com/rust-lang/crates.io-index"

[[package]]
name = "thiserror"
version = "1.0.16"
source = "registry+https://github.com/rust-lang/crates.io-index"
dependencies = [
 "thiserror-impl 1.0.16 (registry+https://github.com/rust-lang/crates.io-index)",
]

[[package]]
name = "thiserror-impl"
version = "1.0.16"
source = "registry+https://github.com/rust-lang/crates.io-index"
dependencies = [
 "proc-macro2 1.0.10 (registry+https://github.com/rust-lang/crates.io-index)",
 "quote 1.0.3 (registry+https://github.com/rust-lang/crates.io-index)",
 "syn 1.0.18 (registry+https://github.com/rust-lang/crates.io-index)",
]

[[package]]
name = "unicode-xid"
version = "0.2.0"
source = "registry+https://github.com/rust-lang/crates.io-index"

[metadata]
"checksum anyhow 1.0.28 (registry+https://github.com/rust-lang/crates.io-index)" = "d9a60d744a80c30fcb657dfe2c1b22bcb3e814c1a1e3674f32bf5820b570fbff"
"checksum autocfg 1.0.0 (registry+https://github.com/rust-lang/crates.io-index)" = "f8aac770f1885fd7e387acedd76065302551364496e46b3dd00860b2f8359b9d"
"checksum byteorder 1.3.4 (registry+https://github.com/rust-lang/crates.io-index)" = "08c48aae112d48ed9f069b33538ea9e3e90aa263cfa3d1c24309612b1f7472de"
"checksum cfg-if 0.1.10 (registry+https://github.com/rust-lang/crates.io-index)" = "4785bdd1c96b2a846b2bd7cc02e86b6b3dbf14e7e53446c4f54c92a361040822"
"checksum cranelift 0.63.0 (registry+https://github.com/rust-lang/crates.io-index)" = "e1cf507e6587f6c931fab5636291cd95dc66534413887ba1d4e09c816b3a8a4c"
"checksum cranelift-bforest 0.63.0 (registry+https://github.com/rust-lang/crates.io-index)" = "d4425bb6c3f3d2f581c650f1a1fdd3196a975490149cf59bea9d34c3bea79eda"
"checksum cranelift-codegen 0.63.0 (registry+https://github.com/rust-lang/crates.io-index)" = "d166b289fd30062ee6de86284750fc3fe5d037c6b864b3326ce153239b0626e1"
"checksum cranelift-codegen-meta 0.63.0 (registry+https://github.com/rust-lang/crates.io-index)" = "02c9fb2306a36d41c5facd4bf3400bc6c157185c43a96eaaa503471c34c5144b"
"checksum cranelift-codegen-shared 0.63.0 (registry+https://github.com/rust-lang/crates.io-index)" = "44e0cfe9b1f97d9f836bca551618106c7d53b93b579029ecd38e73daa7eb689e"
"checksum cranelift-entity 0.63.0 (registry+https://github.com/rust-lang/crates.io-index)" = "926a73c432e5ba9c891171ff50b75e7d992cd76cd271f0a0a0ba199138077472"
"checksum cranelift-faerie 0.63.0 (registry+https://github.com/rust-lang/crates.io-index)" = "7c52f7c97438a6695f465ed2fec13938b7dc1fac08717b6dd11a1505d1d55899"
"checksum cranelift-frontend 0.63.0 (registry+https://github.com/rust-lang/crates.io-index)" = "e45f82e3446dd1ebb8c2c2f6a6b0e6cd6cd52965c7e5f7b1b35e9a9ace31ccde"
"checksum cranelift-module 0.63.0 (registry+https://github.com/rust-lang/crates.io-index)" = "b6a1afb05dde53eea3dea586c38867037174bb9aeb8a467d5760fcdf8ef867a5"
"checksum faerie 0.15.0 (registry+https://github.com/rust-lang/crates.io-index)" = "dfef65b0e94693295c5d2fe2506f0ee6f43465342d4b5331659936aee8b16084"
"checksum goblin 0.1.3 (registry+https://github.com/rust-lang/crates.io-index)" = "3081214398d39e4bd7f2c1975f0488ed04614ffdd976c6fc7a0708278552c0da"
"checksum indexmap 1.3.2 (registry+https://github.com/rust-lang/crates.io-index)" = "076f042c5b7b98f31d205f1249267e12a6518c1481e9dae9764af19b707d2292"
"checksum log 0.4.8 (registry+https://github.com/rust-lang/crates.io-index)" = "14b6052be84e6b71ab17edffc2eeabf5c2c3ae1fdb464aae35ac50c67a44e1f7"
"checksum peg 0.6.2 (registry+https://github.com/rust-lang/crates.io-index)" = "9075875c14bb21f25f11cad4b6ad2e4dd443b8fb83900b2fbdd6ebd744b82e97"
"checksum peg-macros 0.6.2 (registry+https://github.com/rust-lang/crates.io-index)" = "c24c165fd39e995246140cc78df55c56c6733ba87e6658cb3e197b8856c62852"
"checksum peg-runtime 0.6.2 (registry+https://github.com/rust-lang/crates.io-index)" = "0c1a2897e69d986c7986747ebad425cf03746ec5e3e09bb3b2600f91301ba864"
"checksum plain 0.2.3 (registry+https://github.com/rust-lang/crates.io-index)" = "b4596b6d070b27117e987119b4dac604f3c58cfb0b191112e24771b2faeac1a6"
"checksum proc-macro2 1.0.10 (registry+https://github.com/rust-lang/crates.io-index)" = "df246d292ff63439fea9bc8c0a270bed0e390d5ebd4db4ba15aba81111b5abe3"
"checksum quote 1.0.3 (registry+https://github.com/rust-lang/crates.io-index)" = "2bdc6c187c65bca4260c9011c9e3132efe4909da44726bad24cf7572ae338d7f"
"checksum regalloc 0.0.21 (registry+https://github.com/rust-lang/crates.io-index)" = "b27b256b41986ac5141b37b8bbba85d314fbf546c182eb255af6720e07e4f804"
"checksum rustc-hash 1.1.0 (registry+https://github.com/rust-lang/crates.io-index)" = "08d43f7aa6b08d49f382cde6a7982047c3426db949b1424bc4b7ec9ae12c6ce2"
"checksum scroll 0.10.1 (registry+https://github.com/rust-lang/crates.io-index)" = "abb2332cb595d33f7edd5700f4cbf94892e680c7f0ae56adab58a35190b66cb1"
"checksum scroll_derive 0.10.1 (registry+https://github.com/rust-lang/crates.io-index)" = "f8584eea9b9ff42825b46faf46a8c24d2cff13ec152fa2a50df788b87c07ee28"
"checksum serde 1.0.106 (registry+https://github.com/rust-lang/crates.io-index)" = "36df6ac6412072f67cf767ebbde4133a5b2e88e76dc6187fa7104cd16f783399"
"checksum smallvec 1.4.0 (registry+https://github.com/rust-lang/crates.io-index)" = "c7cb5678e1615754284ec264d9bb5b4c27d2018577fd90ac0ceb578591ed5ee4"
"checksum string-interner 0.7.1 (registry+https://github.com/rust-lang/crates.io-index)" = "fd710eadff449a1531351b0e43eb81ea404336fa2f56c777427ab0e32a4cf183"
"checksum syn 1.0.18 (registry+https://github.com/rust-lang/crates.io-index)" = "410a7488c0a728c7ceb4ad59b9567eb4053d02e8cc7f5c0e0eeeb39518369213"
"checksum target-lexicon 0.10.0 (registry+https://github.com/rust-lang/crates.io-index)" = "ab0e7238dcc7b40a7be719a25365910f6807bd864f4cce6b2e6b873658e2b19d"
"checksum thiserror 1.0.16 (registry+https://github.com/rust-lang/crates.io-index)" = "d12a1dae4add0f0d568eebc7bf142f145ba1aa2544cafb195c76f0f409091b60"
"checksum thiserror-impl 1.0.16 (registry+https://github.com/rust-lang/crates.io-index)" = "3f34e0c1caaa462fd840ec6b768946ea1e7842620d94fe29d5b847138f521269"
"checksum unicode-xid 0.2.0 (registry+https://github.com/rust-lang/crates.io-index)" = "826e7639553986605ec5979c7dd957c7895e93eabed50ab2ffa7f6128a75097c"
